// !$*UTF8*$!
{
	archiveVersion = 1;
	classes = {
	};
	objectVersion = 46;
	objects = {

/* Begin PBXBuildFile section */
		A16ED40A13DFF53100FEFA9A /* ub2Controller.m in Sources */ = {isa = PBXBuildFile; fileRef = A16ED40813DFF53100FEFA9A /* ub2Controller.m */; };
		A16ED40B13DFF53100FEFA9A /* ub2Controller.xib in Resources */ = {isa = PBXBuildFile; fileRef = A16ED40913DFF53100FEFA9A /* ub2Controller.xib */; };
		DD17BB1313F24CD800F6F803 /* borController.m in Sources */ = {isa = PBXBuildFile; fileRef = DD17BB1113F24CD800F6F803 /* borController.m */; };
		DD17BB1413F24CD800F6F803 /* borController.xib in Resources */ = {isa = PBXBuildFile; fileRef = DD17BB1213F24CD800F6F803 /* borController.xib */; };
		DD17BB1913F24CFE00F6F803 /* bnsController.m in Sources */ = {isa = PBXBuildFile; fileRef = DD17BB1713F24CFE00F6F803 /* bnsController.m */; };
		DD17BB1A13F24CFE00F6F803 /* bnsController.xib in Resources */ = {isa = PBXBuildFile; fileRef = DD17BB1813F24CFE00F6F803 /* bnsController.xib */; };
		DD17BB1E13F24D1300F6F803 /* bmController.m in Sources */ = {isa = PBXBuildFile; fileRef = DD17BB1C13F24D1300F6F803 /* bmController.m */; };
		DD17BB1F13F24D1300F6F803 /* bmController.xib in Resources */ = {isa = PBXBuildFile; fileRef = DD17BB1D13F24D1300F6F803 /* bmController.xib */; };
		DD17BB2313F24D2A00F6F803 /* bhabController.m in Sources */ = {isa = PBXBuildFile; fileRef = DD17BB2113F24D2900F6F803 /* bhabController.m */; };
		DD17BB2413F24D2A00F6F803 /* bhabController.xib in Resources */ = {isa = PBXBuildFile; fileRef = DD17BB2213F24D2A00F6F803 /* bhabController.xib */; };
		DD5D511B13DD4495003D3FC4 /* UIKit.framework in Frameworks */ = {isa = PBXBuildFile; fileRef = DD5D511A13DD4495003D3FC4 /* UIKit.framework */; };
		DD5D511D13DD4495003D3FC4 /* Foundation.framework in Frameworks */ = {isa = PBXBuildFile; fileRef = DD5D511C13DD4495003D3FC4 /* Foundation.framework */; };
		DD5D511F13DD4495003D3FC4 /* CoreGraphics.framework in Frameworks */ = {isa = PBXBuildFile; fileRef = DD5D511E13DD4495003D3FC4 /* CoreGraphics.framework */; };
		DD5D512513DD4495003D3FC4 /* InfoPlist.strings in Resources */ = {isa = PBXBuildFile; fileRef = DD5D512313DD4495003D3FC4 /* InfoPlist.strings */; };
		DD5D512813DD4495003D3FC4 /* main.m in Sources */ = {isa = PBXBuildFile; fileRef = DD5D512713DD4495003D3FC4 /* main.m */; };
		DD5D512B13DD4495003D3FC4 /* sgrAppDelegate.m in Sources */ = {isa = PBXBuildFile; fileRef = DD5D512A13DD4495003D3FC4 /* sgrAppDelegate.m */; };
		DD5D512E13DD4495003D3FC4 /* MainWindow.xib in Resources */ = {isa = PBXBuildFile; fileRef = DD5D512C13DD4495003D3FC4 /* MainWindow.xib */; };
		DD5D513113DD4495003D3FC4 /* RootViewController.m in Sources */ = {isa = PBXBuildFile; fileRef = DD5D513013DD4495003D3FC4 /* RootViewController.m */; };
		DD5D513413DD4495003D3FC4 /* RootViewController.xib in Resources */ = {isa = PBXBuildFile; fileRef = DD5D513213DD4495003D3FC4 /* RootViewController.xib */; };
		DD5D513D13DD44D9003D3FC4 /* whController.m in Sources */ = {isa = PBXBuildFile; fileRef = DD5D513B13DD44D9003D3FC4 /* whController.m */; };
		DD5D513E13DD44D9003D3FC4 /* whController.xib in Resources */ = {isa = PBXBuildFile; fileRef = DD5D513C13DD44D9003D3FC4 /* whController.xib */; };
		DD5D514213DD44E8003D3FC4 /* lwhController.m in Sources */ = {isa = PBXBuildFile; fileRef = DD5D514013DD44E8003D3FC4 /* lwhController.m */; };
		DD5D514313DD44E8003D3FC4 /* lwhController.xib in Resources */ = {isa = PBXBuildFile; fileRef = DD5D514113DD44E8003D3FC4 /* lwhController.xib */; };
		DDA55BB113EF8586001F491C /* obController.m in Sources */ = {isa = PBXBuildFile; fileRef = DDA55BAF13EF8586001F491C /* obController.m */; };
		DDA55BB213EF8586001F491C /* obController.xib in Resources */ = {isa = PBXBuildFile; fileRef = DDA55BB013EF8586001F491C /* obController.xib */; };
		DDA55BC313EFAC6B001F491C /* bhab.png in Resources */ = {isa = PBXBuildFile; fileRef = DDA55BBC13EFAC6B001F491C /* bhab.png */; };
		DDA55BC413EFAC6B001F491C /* bm1.png in Resources */ = {isa = PBXBuildFile; fileRef = DDA55BBD13EFAC6B001F491C /* bm1.png */; };
		DDA55BC513EFAC6B001F491C /* bm2.png in Resources */ = {isa = PBXBuildFile; fileRef = DDA55BBE13EFAC6B001F491C /* bm2.png */; };
		DDA55BC613EFAC6B001F491C /* bns.png in Resources */ = {isa = PBXBuildFile; fileRef = DDA55BBF13EFAC6B001F491C /* bns.png */; };
		DDA55BC713EFAC6B001F491C /* bor.png in Resources */ = {isa = PBXBuildFile; fileRef = DDA55BC013EFAC6B001F491C /* bor.png */; };
		DDA55BC813EFAC6B001F491C /* ob.png in Resources */ = {isa = PBXBuildFile; fileRef = DDA55BC113EFAC6B001F491C /* ob.png */; };
		DDA55BC913EFAC6B001F491C /* wb.png in Resources */ = {isa = PBXBuildFile; fileRef = DDA55BC213EFAC6B001F491C /* wb.png */; };
		DDC2F1CF13E1059E008B8128 /* iTunesArtwork in Resources */ = {isa = PBXBuildFile; fileRef = DDC2F1CE13E1059E008B8128 /* iTunesArtwork */; };
		DDC2F1D213E10796008B8128 /* iAd.framework in Frameworks */ = {isa = PBXBuildFile; fileRef = DDC2F1D113E10796008B8128 /* iAd.framework */; };
		DDD4E1BA13EFBC2900AD80EE /* wbController.m in Sources */ = {isa = PBXBuildFile; fileRef = DDD4E1B813EFBC2900AD80EE /* wbController.m */; };
		DDD4E1BB13EFBC2900AD80EE /* wbController.xib in Resources */ = {isa = PBXBuildFile; fileRef = DDD4E1B913EFBC2900AD80EE /* wbController.xib */; };
		DDF0AC4813E0F61F00A90141 /* Default.png in Resources */ = {isa = PBXBuildFile; fileRef = DDF0AC4713E0F61F00A90141 /* Default.png */; };
		DDF0AC4A13E0F62D00A90141 /* Default@2x.png in Resources */ = {isa = PBXBuildFile; fileRef = DDF0AC4913E0F62D00A90141 /* Default@2x.png */; };
		DDF0AC4F13E0F6F000A90141 /* Icon.png in Resources */ = {isa = PBXBuildFile; fileRef = DDF0AC4D13E0F6F000A90141 /* Icon.png */; };
		DDF0AC5013E0F6F000A90141 /* Icon@2x.png in Resources */ = {isa = PBXBuildFile; fileRef = DDF0AC4E13E0F6F000A90141 /* Icon@2x.png */; };
		DDF4F44013DE5DB800D8D7DC /* lwh1.png in Resources */ = {isa = PBXBuildFile; fileRef = DDF4F43313DE5DB800D8D7DC /* lwh1.png */; };
		DDF4F44113DE5DB800D8D7DC /* lwh2.png in Resources */ = {isa = PBXBuildFile; fileRef = DDF4F43413DE5DB800D8D7DC /* lwh2.png */; };
		DDF4F44A13DE5DB800D8D7DC /* wh1.png in Resources */ = {isa = PBXBuildFile; fileRef = DDF4F43D13DE5DB800D8D7DC /* wh1.png */; };
		DDF4F44B13DE5DB800D8D7DC /* wh2.png in Resources */ = {isa = PBXBuildFile; fileRef = DDF4F43E13DE5DB800D8D7DC /* wh2.png */; };
		DDF4F44C13DE5DB800D8D7DC /* wh3.png in Resources */ = {isa = PBXBuildFile; fileRef = DDF4F43F13DE5DB800D8D7DC /* wh3.png */; };
		DDF4F45113DE608100D8D7DC /* ub.png in Resources */ = {isa = PBXBuildFile; fileRef = DDF4F44E13DE608000D8D7DC /* ub.png */; };
		DDF4F45213DE608100D8D7DC /* wh.png in Resources */ = {isa = PBXBuildFile; fileRef = DDF4F44F13DE608100D8D7DC /* wh.png */; };
		DDF4F45613DE654700D8D7DC /* ub1.png in Resources */ = {isa = PBXBuildFile; fileRef = DDF4F45313DE654600D8D7DC /* ub1.png */; };
		DDF4F45713DE654700D8D7DC /* ub2.png in Resources */ = {isa = PBXBuildFile; fileRef = DDF4F45413DE654700D8D7DC /* ub2.png */; };
		DDF4F45813DE654700D8D7DC /* ub3.png in Resources */ = {isa = PBXBuildFile; fileRef = DDF4F45513DE654700D8D7DC /* ub3.png */; };
		DDF4F45A13DE682300D8D7DC /* lwh.png in Resources */ = {isa = PBXBuildFile; fileRef = DDF4F45913DE682300D8D7DC /* lwh.png */; };
		DDF4F45E13DE6F6100D8D7DC /* lwh3.png in Resources */ = {isa = PBXBuildFile; fileRef = DDF4F45B13DE6F6000D8D7DC /* lwh3.png */; };
		DDF4F45F13DE6F6100D8D7DC /* lwh4.png in Resources */ = {isa = PBXBuildFile; fileRef = DDF4F45C13DE6F6000D8D7DC /* lwh4.png */; };
		DDF4F46013DE6F6100D8D7DC /* lwh5.png in Resources */ = {isa = PBXBuildFile; fileRef = DDF4F45D13DE6F6000D8D7DC /* lwh5.png */; };
/* End PBXBuildFile section */

/* Begin PBXFileReference section */
		A16ED40713DFF53000FEFA9A /* ub2Controller.h */ = {isa = PBXFileReference; fileEncoding = 4; lastKnownFileType = sourcecode.c.h; path = ub2Controller.h; sourceTree = "<group>"; };
		A16ED40813DFF53100FEFA9A /* ub2Controller.m */ = {isa = PBXFileReference; fileEncoding = 4; lastKnownFileType = sourcecode.c.objc; path = ub2Controller.m; sourceTree = "<group>"; };
		A16ED40913DFF53100FEFA9A /* ub2Controller.xib */ = {isa = PBXFileReference; fileEncoding = 4; lastKnownFileType = file.xib; path = ub2Controller.xib; sourceTree = "<group>"; };
		DD17BB1013F24CD800F6F803 /* borController.h */ = {isa = PBXFileReference; fileEncoding = 4; lastKnownFileType = sourcecode.c.h; path = borController.h; sourceTree = "<group>"; };
		DD17BB1113F24CD800F6F803 /* borController.m */ = {isa = PBXFileReference; fileEncoding = 4; lastKnownFileType = sourcecode.c.objc; path = borController.m; sourceTree = "<group>"; };
		DD17BB1213F24CD800F6F803 /* borController.xib */ = {isa = PBXFileReference; fileEncoding = 4; lastKnownFileType = file.xib; path = borController.xib; sourceTree = "<group>"; };
		DD17BB1613F24CFE00F6F803 /* bnsController.h */ = {isa = PBXFileReference; fileEncoding = 4; lastKnownFileType = sourcecode.c.h; path = bnsController.h; sourceTree = "<group>"; };
		DD17BB1713F24CFE00F6F803 /* bnsController.m */ = {isa = PBXFileReference; fileEncoding = 4; lastKnownFileType = sourcecode.c.objc; path = bnsController.m; sourceTree = "<group>"; };
		DD17BB1813F24CFE00F6F803 /* bnsController.xib */ = {isa = PBXFileReference; fileEncoding = 4; lastKnownFileType = file.xib; path = bnsController.xib; sourceTree = "<group>"; };
		DD17BB1B13F24D1300F6F803 /* bmController.h */ = {isa = PBXFileReference; fileEncoding = 4; lastKnownFileType = sourcecode.c.h; path = bmController.h; sourceTree = "<group>"; };
		DD17BB1C13F24D1300F6F803 /* bmController.m */ = {isa = PBXFileReference; fileEncoding = 4; lastKnownFileType = sourcecode.c.objc; path = bmController.m; sourceTree = "<group>"; };
		DD17BB1D13F24D1300F6F803 /* bmController.xib */ = {isa = PBXFileReference; fileEncoding = 4; lastKnownFileType = file.xib; path = bmController.xib; sourceTree = "<group>"; };
		DD17BB2013F24D2900F6F803 /* bhabController.h */ = {isa = PBXFileReference; fileEncoding = 4; lastKnownFileType = sourcecode.c.h; path = bhabController.h; sourceTree = "<group>"; };
		DD17BB2113F24D2900F6F803 /* bhabController.m */ = {isa = PBXFileReference; fileEncoding = 4; lastKnownFileType = sourcecode.c.objc; path = bhabController.m; sourceTree = "<group>"; };
		DD17BB2213F24D2A00F6F803 /* bhabController.xib */ = {isa = PBXFileReference; fileEncoding = 4; lastKnownFileType = file.xib; path = bhabController.xib; sourceTree = "<group>"; };
		DD5D511613DD4495003D3FC4 /* sgr.app */ = {isa = PBXFileReference; explicitFileType = wrapper.application; includeInIndex = 0; path = sgr.app; sourceTree = BUILT_PRODUCTS_DIR; };
		DD5D511A13DD4495003D3FC4 /* UIKit.framework */ = {isa = PBXFileReference; lastKnownFileType = wrapper.framework; name = UIKit.framework; path = System/Library/Frameworks/UIKit.framework; sourceTree = SDKROOT; };
		DD5D511C13DD4495003D3FC4 /* Foundation.framework */ = {isa = PBXFileReference; lastKnownFileType = wrapper.framework; name = Foundation.framework; path = System/Library/Frameworks/Foundation.framework; sourceTree = SDKROOT; };
		DD5D511E13DD4495003D3FC4 /* CoreGraphics.framework */ = {isa = PBXFileReference; lastKnownFileType = wrapper.framework; name = CoreGraphics.framework; path = System/Library/Frameworks/CoreGraphics.framework; sourceTree = SDKROOT; };
		DD5D512213DD4495003D3FC4 /* sgr-Info.plist */ = {isa = PBXFileReference; lastKnownFileType = text.plist.xml; path = "sgr-Info.plist"; sourceTree = "<group>"; };
		DD5D512413DD4495003D3FC4 /* en */ = {isa = PBXFileReference; lastKnownFileType = text.plist.strings; name = en; path = en.lproj/InfoPlist.strings; sourceTree = "<group>"; };
		DD5D512613DD4495003D3FC4 /* sgr-Prefix.pch */ = {isa = PBXFileReference; lastKnownFileType = sourcecode.c.h; path = "sgr-Prefix.pch"; sourceTree = "<group>"; };
		DD5D512713DD4495003D3FC4 /* main.m */ = {isa = PBXFileReference; lastKnownFileType = sourcecode.c.objc; path = main.m; sourceTree = "<group>"; };
		DD5D512913DD4495003D3FC4 /* sgrAppDelegate.h */ = {isa = PBXFileReference; lastKnownFileType = sourcecode.c.h; path = sgrAppDelegate.h; sourceTree = "<group>"; };
		DD5D512A13DD4495003D3FC4 /* sgrAppDelegate.m */ = {isa = PBXFileReference; lastKnownFileType = sourcecode.c.objc; path = sgrAppDelegate.m; sourceTree = "<group>"; };
		DD5D512D13DD4495003D3FC4 /* en */ = {isa = PBXFileReference; lastKnownFileType = file.xib; name = en; path = en.lproj/MainWindow.xib; sourceTree = "<group>"; };
		DD5D512F13DD4495003D3FC4 /* RootViewController.h */ = {isa = PBXFileReference; lastKnownFileType = sourcecode.c.h; path = RootViewController.h; sourceTree = "<group>"; };
		DD5D513013DD4495003D3FC4 /* RootViewController.m */ = {isa = PBXFileReference; lastKnownFileType = sourcecode.c.objc; path = RootViewController.m; sourceTree = "<group>"; };
		DD5D513313DD4495003D3FC4 /* en */ = {isa = PBXFileReference; lastKnownFileType = file.xib; name = en; path = en.lproj/RootViewController.xib; sourceTree = "<group>"; };
		DD5D513A13DD44D9003D3FC4 /* whController.h */ = {isa = PBXFileReference; fileEncoding = 4; lastKnownFileType = sourcecode.c.h; path = whController.h; sourceTree = "<group>"; };
		DD5D513B13DD44D9003D3FC4 /* whController.m */ = {isa = PBXFileReference; fileEncoding = 4; lastKnownFileType = sourcecode.c.objc; path = whController.m; sourceTree = "<group>"; };
		DD5D513C13DD44D9003D3FC4 /* whController.xib */ = {isa = PBXFileReference; fileEncoding = 4; lastKnownFileType = file.xib; path = whController.xib; sourceTree = "<group>"; };
		DD5D513F13DD44E8003D3FC4 /* lwhController.h */ = {isa = PBXFileReference; fileEncoding = 4; lastKnownFileType = sourcecode.c.h; path = lwhController.h; sourceTree = "<group>"; };
		DD5D514013DD44E8003D3FC4 /* lwhController.m */ = {isa = PBXFileReference; fileEncoding = 4; lastKnownFileType = sourcecode.c.objc; path = lwhController.m; sourceTree = "<group>"; };
		DD5D514113DD44E8003D3FC4 /* lwhController.xib */ = {isa = PBXFileReference; fileEncoding = 4; lastKnownFileType = file.xib; path = lwhController.xib; sourceTree = "<group>"; };
		DDA55BAE13EF8586001F491C /* obController.h */ = {isa = PBXFileReference; fileEncoding = 4; lastKnownFileType = sourcecode.c.h; path = obController.h; sourceTree = "<group>"; };
		DDA55BAF13EF8586001F491C /* obController.m */ = {isa = PBXFileReference; fileEncoding = 4; lastKnownFileType = sourcecode.c.objc; path = obController.m; sourceTree = "<group>"; };
		DDA55BB013EF8586001F491C /* obController.xib */ = {isa = PBXFileReference; fileEncoding = 4; lastKnownFileType = file.xib; path = obController.xib; sourceTree = "<group>"; };
		DDA55BBC13EFAC6B001F491C /* bhab.png */ = {isa = PBXFileReference; lastKnownFileType = image.png; name = bhab.png; path = "../../../Desktop/Chutong/Simple Golf Rules/PICs/HD/bhab.png"; sourceTree = "<group>"; };
		DDA55BBD13EFAC6B001F491C /* bm1.png */ = {isa = PBXFileReference; lastKnownFileType = image.png; name = bm1.png; path = "../../../Desktop/Chutong/Simple Golf Rules/PICs/HD/bm1.png"; sourceTree = "<group>"; };
		DDA55BBE13EFAC6B001F491C /* bm2.png */ = {isa = PBXFileReference; lastKnownFileType = image.png; name = bm2.png; path = "../../../Desktop/Chutong/Simple Golf Rules/PICs/HD/bm2.png"; sourceTree = "<group>"; };
		DDA55BBF13EFAC6B001F491C /* bns.png */ = {isa = PBXFileReference; lastKnownFileType = image.png; name = bns.png; path = "../../../Desktop/Chutong/Simple Golf Rules/PICs/HD/bns.png"; sourceTree = "<group>"; };
		DDA55BC013EFAC6B001F491C /* bor.png */ = {isa = PBXFileReference; lastKnownFileType = image.png; name = bor.png; path = "../../../Desktop/Chutong/Simple Golf Rules/PICs/HD/bor.png"; sourceTree = "<group>"; };
		DDA55BC113EFAC6B001F491C /* ob.png */ = {isa = PBXFileReference; lastKnownFileType = image.png; name = ob.png; path = "../../../Desktop/Chutong/Simple Golf Rules/PICs/HD/ob.png"; sourceTree = "<group>"; };
		DDA55BC213EFAC6B001F491C /* wb.png */ = {isa = PBXFileReference; lastKnownFileType = image.png; name = wb.png; path = "../../../Desktop/Chutong/Simple Golf Rules/PICs/HD/wb.png"; sourceTree = "<group>"; };
		DDC2F1CE13E1059E008B8128 /* iTunesArtwork */ = {isa = PBXFileReference; lastKnownFileType = file; path = iTunesArtwork; sourceTree = "<group>"; };
		DDC2F1D113E10796008B8128 /* iAd.framework */ = {isa = PBXFileReference; lastKnownFileType = wrapper.framework; name = iAd.framework; path = System/Library/Frameworks/iAd.framework; sourceTree = SDKROOT; };
		DDD4E1B713EFBC2800AD80EE /* wbController.h */ = {isa = PBXFileReference; fileEncoding = 4; lastKnownFileType = sourcecode.c.h; path = wbController.h; sourceTree = "<group>"; };
		DDD4E1B813EFBC2900AD80EE /* wbController.m */ = {isa = PBXFileReference; fileEncoding = 4; lastKnownFileType = sourcecode.c.objc; path = wbController.m; sourceTree = "<group>"; };
		DDD4E1B913EFBC2900AD80EE /* wbController.xib */ = {isa = PBXFileReference; fileEncoding = 4; lastKnownFileType = file.xib; path = wbController.xib; sourceTree = "<group>"; };
		DDF0AC4713E0F61F00A90141 /* Default.png */ = {isa = PBXFileReference; lastKnownFileType = image.png; path = Default.png; sourceTree = "<group>"; };
		DDF0AC4913E0F62D00A90141 /* Default@2x.png */ = {isa = PBXFileReference; lastKnownFileType = image.png; path = "Default@2x.png"; sourceTree = "<group>"; };
		DDF0AC4D13E0F6F000A90141 /* Icon.png */ = {isa = PBXFileReference; lastKnownFileType = image.png; path = Icon.png; sourceTree = "<group>"; };
		DDF0AC4E13E0F6F000A90141 /* Icon@2x.png */ = {isa = PBXFileReference; lastKnownFileType = image.png; path = "Icon@2x.png"; sourceTree = "<group>"; };
		DDF4F43313DE5DB800D8D7DC /* lwh1.png */ = {isa = PBXFileReference; lastKnownFileType = image.png; path = lwh1.png; sourceTree = "<group>"; };
		DDF4F43413DE5DB800D8D7DC /* lwh2.png */ = {isa = PBXFileReference; lastKnownFileType = image.png; path = lwh2.png; sourceTree = "<group>"; };
		DDF4F43D13DE5DB800D8D7DC /* wh1.png */ = {isa = PBXFileReference; lastKnownFileType = image.png; path = wh1.png; sourceTree = "<group>"; };
		DDF4F43E13DE5DB800D8D7DC /* wh2.png */ = {isa = PBXFileReference; lastKnownFileType = image.png; path = wh2.png; sourceTree = "<group>"; };
		DDF4F43F13DE5DB800D8D7DC /* wh3.png */ = {isa = PBXFileReference; lastKnownFileType = image.png; path = wh3.png; sourceTree = "<group>"; };
		DDF4F44E13DE608000D8D7DC /* ub.png */ = {isa = PBXFileReference; lastKnownFileType = image.png; path = ub.png; sourceTree = "<group>"; };
		DDF4F44F13DE608100D8D7DC /* wh.png */ = {isa = PBXFileReference; lastKnownFileType = image.png; path = wh.png; sourceTree = "<group>"; };
		DDF4F45313DE654600D8D7DC /* ub1.png */ = {isa = PBXFileReference; lastKnownFileType = image.png; path = ub1.png; sourceTree = "<group>"; };
		DDF4F45413DE654700D8D7DC /* ub2.png */ = {isa = PBXFileReference; lastKnownFileType = image.png; path = ub2.png; sourceTree = "<group>"; };
		DDF4F45513DE654700D8D7DC /* ub3.png */ = {isa = PBXFileReference; lastKnownFileType = image.png; path = ub3.png; sourceTree = "<group>"; };
		DDF4F45913DE682300D8D7DC /* lwh.png */ = {isa = PBXFileReference; lastKnownFileType = image.png; path = lwh.png; sourceTree = "<group>"; };
		DDF4F45B13DE6F6000D8D7DC /* lwh3.png */ = {isa = PBXFileReference; lastKnownFileType = image.png; path = lwh3.png; sourceTree = "<group>"; };
		DDF4F45C13DE6F6000D8D7DC /* lwh4.png */ = {isa = PBXFileReference; lastKnownFileType = image.png; path = lwh4.png; sourceTree = "<group>"; };
		DDF4F45D13DE6F6000D8D7DC /* lwh5.png */ = {isa = PBXFileReference; lastKnownFileType = image.png; path = lwh5.png; sourceTree = "<group>"; };
/* End PBXFileReference section */

/* Begin PBXFrameworksBuildPhase section */
		DD5D511313DD4495003D3FC4 /* Frameworks */ = {
			isa = PBXFrameworksBuildPhase;
			buildActionMask = 2147483647;
			files = (
				DDC2F1D213E10796008B8128 /* iAd.framework in Frameworks */,
				DD5D511B13DD4495003D3FC4 /* UIKit.framework in Frameworks */,
				DD5D511D13DD4495003D3FC4 /* Foundation.framework in Frameworks */,
				DD5D511F13DD4495003D3FC4 /* CoreGraphics.framework in Frameworks */,
			);
			runOnlyForDeploymentPostprocessing = 0;
		};
/* End PBXFrameworksBuildPhase section */

/* Begin PBXGroup section */
		DD5D510B13DD4495003D3FC4 = {
			isa = PBXGroup;
			children = (
				DDC2F1D113E10796008B8128 /* iAd.framework */,
				DDF0AC4913E0F62D00A90141 /* Default@2x.png */,
				DDF0AC4713E0F61F00A90141 /* Default.png */,
				DDF0AC4D13E0F6F000A90141 /* Icon.png */,
				DDF0AC4E13E0F6F000A90141 /* Icon@2x.png */,
				DDC2F1CE13E1059E008B8128 /* iTunesArtwork */,
				DD5D512013DD4495003D3FC4 /* sgr */,
				DD5D511913DD4495003D3FC4 /* Frameworks */,
				DD5D511713DD4495003D3FC4 /* Products */,
			);
			sourceTree = "<group>";
		};
		DD5D511713DD4495003D3FC4 /* Products */ = {
			isa = PBXGroup;
			children = (
				DD5D511613DD4495003D3FC4 /* sgr.app */,
			);
			name = Products;
			sourceTree = "<group>";
		};
		DD5D511913DD4495003D3FC4 /* Frameworks */ = {
			isa = PBXGroup;
			children = (
				DD5D511A13DD4495003D3FC4 /* UIKit.framework */,
				DD5D511C13DD4495003D3FC4 /* Foundation.framework */,
				DD5D511E13DD4495003D3FC4 /* CoreGraphics.framework */,
			);
			name = Frameworks;
			sourceTree = "<group>";
		};
		DD5D512013DD4495003D3FC4 /* sgr */ = {
			isa = PBXGroup;
			children = (
				DD5D512913DD4495003D3FC4 /* sgrAppDelegate.h */,
				DD5D512A13DD4495003D3FC4 /* sgrAppDelegate.m */,
				DD5D512C13DD4495003D3FC4 /* MainWindow.xib */,
				DD5D512F13DD4495003D3FC4 /* RootViewController.h */,
				DD5D513013DD4495003D3FC4 /* RootViewController.m */,
				DD5D513213DD4495003D3FC4 /* RootViewController.xib */,
				DD5D513A13DD44D9003D3FC4 /* whController.h */,
				DD5D513B13DD44D9003D3FC4 /* whController.m */,
				DD5D513C13DD44D9003D3FC4 /* whController.xib */,
				DD5D513F13DD44E8003D3FC4 /* lwhController.h */,
				DD5D514013DD44E8003D3FC4 /* lwhController.m */,
				DD5D514113DD44E8003D3FC4 /* lwhController.xib */,
				A16ED40713DFF53000FEFA9A /* ub2Controller.h */,
				A16ED40813DFF53100FEFA9A /* ub2Controller.m */,
				A16ED40913DFF53100FEFA9A /* ub2Controller.xib */,
				DDA55BAE13EF8586001F491C /* obController.h */,
				DDA55BAF13EF8586001F491C /* obController.m */,
				DDA55BB013EF8586001F491C /* obController.xib */,
				DDD4E1B713EFBC2800AD80EE /* wbController.h */,
				DDD4E1B813EFBC2900AD80EE /* wbController.m */,
				DDD4E1B913EFBC2900AD80EE /* wbController.xib */,
				DD17BB1013F24CD800F6F803 /* borController.h */,
				DD17BB1113F24CD800F6F803 /* borController.m */,
				DD17BB1213F24CD800F6F803 /* borController.xib */,
				DD17BB1613F24CFE00F6F803 /* bnsController.h */,
				DD17BB1713F24CFE00F6F803 /* bnsController.m */,
				DD17BB1813F24CFE00F6F803 /* bnsController.xib */,
				DD17BB1B13F24D1300F6F803 /* bmController.h */,
				DD17BB1C13F24D1300F6F803 /* bmController.m */,
				DD17BB1D13F24D1300F6F803 /* bmController.xib */,
				DD17BB2013F24D2900F6F803 /* bhabController.h */,
				DD17BB2113F24D2900F6F803 /* bhabController.m */,
				DD17BB2213F24D2A00F6F803 /* bhabController.xib */,
				DD5D512113DD4495003D3FC4 /* Supporting Files */,
			);
			path = sgr;
			sourceTree = "<group>";
		};
		DD5D512113DD4495003D3FC4 /* Supporting Files */ = {
			isa = PBXGroup;
			children = (
				DDF4F45913DE682300D8D7DC /* lwh.png */,
				DDF4F44E13DE608000D8D7DC /* ub.png */,
				DDF4F44F13DE608100D8D7DC /* wh.png */,
				DD5D512213DD4495003D3FC4 /* sgr-Info.plist */,
				DD5D512313DD4495003D3FC4 /* InfoPlist.strings */,
				DD5D512613DD4495003D3FC4 /* sgr-Prefix.pch */,
				DD5D512713DD4495003D3FC4 /* main.m */,
				DDF4F43D13DE5DB800D8D7DC /* wh1.png */,
				DDF4F43E13DE5DB800D8D7DC /* wh2.png */,
				DDF4F43F13DE5DB800D8D7DC /* wh3.png */,
				DDF4F43313DE5DB800D8D7DC /* lwh1.png */,
				DDF4F43413DE5DB800D8D7DC /* lwh2.png */,
				DDF4F45B13DE6F6000D8D7DC /* lwh3.png */,
				DDF4F45C13DE6F6000D8D7DC /* lwh4.png */,
				DDF4F45D13DE6F6000D8D7DC /* lwh5.png */,
				DDF4F45313DE654600D8D7DC /* ub1.png */,
				DDF4F45413DE654700D8D7DC /* ub2.png */,
				DDF4F45513DE654700D8D7DC /* ub3.png */,
				DDA55BBC13EFAC6B001F491C /* bhab.png */,
				DDA55BBD13EFAC6B001F491C /* bm1.png */,
				DDA55BBE13EFAC6B001F491C /* bm2.png */,
				DDA55BBF13EFAC6B001F491C /* bns.png */,
				DDA55BC013EFAC6B001F491C /* bor.png */,
				DDA55BC113EFAC6B001F491C /* ob.png */,
				DDA55BC213EFAC6B001F491C /* wb.png */,
			);
			name = "Supporting Files";
			sourceTree = "<group>";
		};
/* End PBXGroup section */

/* Begin PBXNativeTarget section */
		DD5D511513DD4495003D3FC4 /* sgr */ = {
			isa = PBXNativeTarget;
			buildConfigurationList = DD5D513713DD4495003D3FC4 /* Build configuration list for PBXNativeTarget "sgr" */;
			buildPhases = (
				DD5D511213DD4495003D3FC4 /* Sources */,
				DD5D511313DD4495003D3FC4 /* Frameworks */,
				DD5D511413DD4495003D3FC4 /* Resources */,
			);
			buildRules = (
			);
			dependencies = (
			);
			name = sgr;
			productName = sgr;
			productReference = DD5D511613DD4495003D3FC4 /* sgr.app */;
			productType = "com.apple.product-type.application";
		};
/* End PBXNativeTarget section */

/* Begin PBXProject section */
		DD5D510D13DD4495003D3FC4 /* Project object */ = {
			isa = PBXProject;
			buildConfigurationList = DD5D511013DD4495003D3FC4 /* Build configuration list for PBXProject "sgr" */;
			compatibilityVersion = "Xcode 3.2";
			developmentRegion = English;
			hasScannedForEncodings = 0;
			knownRegions = (
				en,
			);
			mainGroup = DD5D510B13DD4495003D3FC4;
			productRefGroup = DD5D511713DD4495003D3FC4 /* Products */;
			projectDirPath = "";
			projectRoot = "";
			targets = (
				DD5D511513DD4495003D3FC4 /* sgr */,
			);
		};
/* End PBXProject section */

/* Begin PBXResourcesBuildPhase section */
		DD5D511413DD4495003D3FC4 /* Resources */ = {
			isa = PBXResourcesBuildPhase;
			buildActionMask = 2147483647;
			files = (
				DD5D512513DD4495003D3FC4 /* InfoPlist.strings in Resources */,
				DD5D512E13DD4495003D3FC4 /* MainWindow.xib in Resources */,
				DD5D513413DD4495003D3FC4 /* RootViewController.xib in Resources */,
				DD5D513E13DD44D9003D3FC4 /* whController.xib in Resources */,
				DD5D514313DD44E8003D3FC4 /* lwhController.xib in Resources */,
				DDF4F44013DE5DB800D8D7DC /* lwh1.png in Resources */,
				DDF4F44113DE5DB800D8D7DC /* lwh2.png in Resources */,
				DDF4F44A13DE5DB800D8D7DC /* wh1.png in Resources */,
				DDF4F44B13DE5DB800D8D7DC /* wh2.png in Resources */,
				DDF4F44C13DE5DB800D8D7DC /* wh3.png in Resources */,
				DDF4F45113DE608100D8D7DC /* ub.png in Resources */,
				DDF4F45213DE608100D8D7DC /* wh.png in Resources */,
				DDF4F45613DE654700D8D7DC /* ub1.png in Resources */,
				DDF4F45713DE654700D8D7DC /* ub2.png in Resources */,
				DDF4F45813DE654700D8D7DC /* ub3.png in Resources */,
				DDF4F45A13DE682300D8D7DC /* lwh.png in Resources */,
				DDF4F45E13DE6F6100D8D7DC /* lwh3.png in Resources */,
				DDF4F45F13DE6F6100D8D7DC /* lwh4.png in Resources */,
				DDF4F46013DE6F6100D8D7DC /* lwh5.png in Resources */,
				A16ED40B13DFF53100FEFA9A /* ub2Controller.xib in Resources */,
				DDF0AC4813E0F61F00A90141 /* Default.png in Resources */,
				DDF0AC4A13E0F62D00A90141 /* Default@2x.png in Resources */,
				DDF0AC4F13E0F6F000A90141 /* Icon.png in Resources */,
				DDF0AC5013E0F6F000A90141 /* Icon@2x.png in Resources */,
				DDC2F1CF13E1059E008B8128 /* iTunesArtwork in Resources */,
				DDA55BB213EF8586001F491C /* obController.xib in Resources */,
				DDA55BC313EFAC6B001F491C /* bhab.png in Resources */,
				DDA55BC413EFAC6B001F491C /* bm1.png in Resources */,
				DDA55BC513EFAC6B001F491C /* bm2.png in Resources */,
				DDA55BC613EFAC6B001F491C /* bns.png in Resources */,
				DDA55BC713EFAC6B001F491C /* bor.png in Resources */,
				DDA55BC813EFAC6B001F491C /* ob.png in Resources */,
				DDA55BC913EFAC6B001F491C /* wb.png in Resources */,
				DDD4E1BB13EFBC2900AD80EE /* wbController.xib in Resources */,
				DD17BB1413F24CD800F6F803 /* borController.xib in Resources */,
				DD17BB1A13F24CFE00F6F803 /* bnsController.xib in Resources */,
				DD17BB1F13F24D1300F6F803 /* bmController.xib in Resources */,
				DD17BB2413F24D2A00F6F803 /* bhabController.xib in Resources */,
			);
			runOnlyForDeploymentPostprocessing = 0;
		};
/* End PBXResourcesBuildPhase section */

/* Begin PBXSourcesBuildPhase section */
		DD5D511213DD4495003D3FC4 /* Sources */ = {
			isa = PBXSourcesBuildPhase;
			buildActionMask = 2147483647;
			files = (
				DD5D512813DD4495003D3FC4 /* main.m in Sources */,
				DD5D512B13DD4495003D3FC4 /* sgrAppDelegate.m in Sources */,
				DD5D513113DD4495003D3FC4 /* RootViewController.m in Sources */,
				DD5D513D13DD44D9003D3FC4 /* whController.m in Sources */,
				DD5D514213DD44E8003D3FC4 /* lwhController.m in Sources */,
				A16ED40A13DFF53100FEFA9A /* ub2Controller.m in Sources */,
				DDA55BB113EF8586001F491C /* obController.m in Sources */,
				DDD4E1BA13EFBC2900AD80EE /* wbController.m in Sources */,
				DD17BB1313F24CD800F6F803 /* borController.m in Sources */,
				DD17BB1913F24CFE00F6F803 /* bnsController.m in Sources */,
				DD17BB1E13F24D1300F6F803 /* bmController.m in Sources */,
				DD17BB2313F24D2A00F6F803 /* bhabController.m in Sources */,
			);
			runOnlyForDeploymentPostprocessing = 0;
		};
/* End PBXSourcesBuildPhase section */

/* Begin PBXVariantGroup section */
		DD5D512313DD4495003D3FC4 /* InfoPlist.strings */ = {
			isa = PBXVariantGroup;
			children = (
				DD5D512413DD4495003D3FC4 /* en */,
			);
			name = InfoPlist.strings;
			sourceTree = "<group>";
		};
		DD5D512C13DD4495003D3FC4 /* MainWindow.xib */ = {
			isa = PBXVariantGroup;
			children = (
				DD5D512D13DD4495003D3FC4 /* en */,
			);
			name = MainWindow.xib;
			sourceTree = "<group>";
		};
		DD5D513213DD4495003D3FC4 /* RootViewController.xib */ = {
			isa = PBXVariantGroup;
			children = (
				DD5D513313DD4495003D3FC4 /* en */,
			);
			name = RootViewController.xib;
			sourceTree = "<group>";
		};
/* End PBXVariantGroup section */

/* Begin XCBuildConfiguration section */
		DD5D513513DD4495003D3FC4 /* Debug */ = {
			isa = XCBuildConfiguration;
			buildSettings = {
				ARCHS = "$(ARCHS_STANDARD_32_BIT)";
				CODE_SIGN_IDENTITY = "iPhone Distribution: Chutong Technologies";
				"CODE_SIGN_IDENTITY[sdk=iphoneos*]" = "iPhone Distribution: Chutong Technologies";
				GCC_C_LANGUAGE_STANDARD = gnu99;
				GCC_OPTIMIZATION_LEVEL = 0;
				GCC_PREPROCESSOR_DEFINITIONS = DEBUG;
				GCC_SYMBOLS_PRIVATE_EXTERN = NO;
				GCC_VERSION = com.apple.compilers.llvmgcc42;
				GCC_WARN_ABOUT_RETURN_TYPE = YES;
				GCC_WARN_UNUSED_VARIABLE = YES;
				IPHONEOS_DEPLOYMENT_TARGET = 4.0;
				PROVISIONING_PROFILE = "CDEAF7FB-29DA-4FDD-9789-C9D7DC14C780";
				"PROVISIONING_PROFILE[sdk=iphoneos*]" = "CDEAF7FB-29DA-4FDD-9789-C9D7DC14C780";
				SDKROOT = iphoneos4.3;
			};
			name = Debug;
		};
		DD5D513613DD4495003D3FC4 /* Release */ = {
			isa = XCBuildConfiguration;
			buildSettings = {
				ARCHS = "$(ARCHS_STANDARD_32_BIT)";
				CODE_SIGN_IDENTITY = "iPhone Distribution: Chutong Technologies";
				"CODE_SIGN_IDENTITY[sdk=iphoneos*]" = "iPhone Distribution: Chutong Technologies";
				GCC_C_LANGUAGE_STANDARD = gnu99;
				GCC_VERSION = com.apple.compilers.llvmgcc42;
				GCC_WARN_ABOUT_RETURN_TYPE = YES;
				GCC_WARN_UNUSED_VARIABLE = YES;
				IPHONEOS_DEPLOYMENT_TARGET = 4.0;
				OTHER_CFLAGS = "-DNS_BLOCK_ASSERTIONS=1";
				PROVISIONING_PROFILE = "CDEAF7FB-29DA-4FDD-9789-C9D7DC14C780";
				"PROVISIONING_PROFILE[sdk=iphoneos*]" = "CDEAF7FB-29DA-4FDD-9789-C9D7DC14C780";
				SDKROOT = iphoneos4.3;
			};
			name = Release;
		};
		DD5D513813DD4495003D3FC4 /* Debug */ = {
			isa = XCBuildConfiguration;
			buildSettings = {
				ALWAYS_SEARCH_USER_PATHS = NO;
				COPY_PHASE_STRIP = NO;
				GCC_DYNAMIC_NO_PIC = NO;
				GCC_PRECOMPILE_PREFIX_HEADER = YES;
				GCC_PREFIX_HEADER = "sgr/sgr-Prefix.pch";
				INFOPLIST_FILE = "sgr/sgr-Info.plist";
				IPHONEOS_DEPLOYMENT_TARGET = 4.0;
				PRODUCT_NAME = "$(TARGET_NAME)";
				WRAPPER_EXTENSION = app;
			};
			name = Debug;
		};
		DD5D513913DD4495003D3FC4 /* Release */ = {
			isa = XCBuildConfiguration;
			buildSettings = {
				ALWAYS_SEARCH_USER_PATHS = NO;
				COPY_PHASE_STRIP = YES;
				GCC_PRECOMPILE_PREFIX_HEADER = YES;
				GCC_PREFIX_HEADER = "sgr/sgr-Prefix.pch";
				INFOPLIST_FILE = "sgr/sgr-Info.plist";
				IPHONEOS_DEPLOYMENT_TARGET = 4.0;
				PRODUCT_NAME = "$(TARGET_NAME)";
				VALIDATE_PRODUCT = YES;
				WRAPPER_EXTENSION = app;
			};
			name = Release;
		};
		DDF4F71013E141B400AFE751 /* Appstore */ = {
			isa = XCBuildConfiguration;
			buildSettings = {
				ARCHS = "$(ARCHS_STANDARD_32_BIT)";
				CODE_SIGN_IDENTITY = "iPhone Distribution: Chutong Technologies";
				"CODE_SIGN_IDENTITY[sdk=iphoneos*]" = "iPhone Distribution: Chutong Technologies";
				GCC_C_LANGUAGE_STANDARD = gnu99;
				GCC_VERSION = com.apple.compilers.llvmgcc42;
				GCC_WARN_ABOUT_RETURN_TYPE = YES;
				GCC_WARN_UNUSED_VARIABLE = YES;
				IPHONEOS_DEPLOYMENT_TARGET = 4.0;
				OTHER_CFLAGS = "-DNS_BLOCK_ASSERTIONS=1";
				PROVISIONING_PROFILE = "CDEAF7FB-29DA-4FDD-9789-C9D7DC14C780";
				"PROVISIONING_PROFILE[sdk=iphoneos*]" = "CDEAF7FB-29DA-4FDD-9789-C9D7DC14C780";
				SDKROOT = iphoneos4.3;
			};
			name = Appstore;
		};
		DDF4F71113E141B400AFE751 /* Appstore */ = {
			isa = XCBuildConfiguration;
			buildSettings = {
				ALWAYS_SEARCH_USER_PATHS = NO;
				COPY_PHASE_STRIP = YES;
				GCC_PRECOMPILE_PREFIX_HEADER = YES;
				GCC_PREFIX_HEADER = "sgr/sgr-Prefix.pch";
				INFOPLIST_FILE = "sgr/sgr-Info.plist";
				IPHONEOS_DEPLOYMENT_TARGET = 4.0;
				PRODUCT_NAME = "$(TARGET_NAME)";
				VALIDATE_PRODUCT = YES;
				WRAPPER_EXTENSION = app;
			};
			name = Appstore;
		};
/* End XCBuildConfiguration section */

/* Begin XCConfigurationList section */
		DD5D511013DD4495003D3FC4 /* Build configuration list for PBXProject "sgr" */ = {
			isa = XCConfigurationList;
			buildConfigurations = (
				DD5D513513DD4495003D3FC4 /* Debug */,
				DD5D513613DD4495003D3FC4 /* Release */,
				DDF4F71013E141B400AFE751 /* Appstore */,
			);
			defaultConfigurationIsVisible = 0;
			defaultConfigurationName = Appstore;
		};
		DD5D513713DD4495003D3FC4 /* Build configuration list for PBXNativeTarget "sgr" */ = {
			isa = XCConfigurationList;
			buildConfigurations = (
				DD5D513813DD4495003D3FC4 /* Debug */,
				DD5D513913DD4495003D3FC4 /* Release */,
				DDF4F71113E141B400AFE751 /* Appstore */,
			);
			defaultConfigurationIsVisible = 0;
			defaultConfigurationName = Appstore;
		};
/* End XCConfigurationList section */
	};
	rootObject = DD5D510D13DD4495003D3FC4 /* Project object */;
}
